<?xml version="1.0" encoding="utf-8"?>
<Project ToolsVersion="4.0" xmlns="http://schemas.microsoft.com/developer/msbuild/2003">
  <ItemGroup>
    <Filter Include="Source Files">
      <UniqueIdentifier>{EA03AA75-D2A5-4928-9E47-7DA75CE16255}</UniqueIdentifier>
      <Extensions>cpp;c;cxx;def;odl;idl;hpj;bat;asm;asmx</Extensions>
    </Filter>
    <Filter Include="Header Files">
      <UniqueIdentifier>{93995380-89BD-4b04-88EB-625FBE52EBFB}</UniqueIdentifier>
      <Extensions>h;hpp;hxx;hm;inl;inc;xsd</Extensions>
    </Filter>
    <Filter Include="Resource Files">
      <UniqueIdentifier>{67DA6AB6-F800-4c08-8B7A-83BB121AAD01}</UniqueIdentifier>
      <Extensions>rc;ico;cur;bmp;dlg;rc2;rct;bin;rgs;gif;jpg;jpeg;jpe;resx</Extensions>
    </Filter>
  </ItemGroup>
  <ItemGroup>
    <ClCompile Include="CDX9CubeTextureObject.cpp">
      <Filter>Source Files</Filter>
    </ClCompile>
    <ClCompile Include="CDX9Font.cpp">
      <Filter>Source Files</Filter>
    </ClCompile>
    <ClCompile Include="CDX9FontImplementation.cpp">
      <Filter>Source Files</Filter>
    </ClCompile>
    <ClCompile Include="CDX9IndexBuffer.cpp">
      <Filter>Source Files</Filter>
    </ClCompile>
    <ClCompile Include="CDX9MoviePlayer.cpp">
      <Filter>Source Files</Filter>
    </ClCompile>
    <ClCompile Include="CDX9PixelShader.cpp">
      <Filter>Source Files</Filter>
    </ClCompile>
    <ClCompile Include="CDX9RenderContext.cpp">
      <Filter>Source Files</Filter>
    </ClCompile>
    <ClCompile Include="CDX9Renderer.cpp">
      <Filter>Source Files</Filter>
    </ClCompile>
    <ClCompile Include="CDX9Shader.cpp">
      <Filter>Source Files</Filter>
    </ClCompile>
    <ClCompile Include="CDX9ShaderCommon.cpp">
      <Filter>Source Files</Filter>
    </ClCompile>
    <ClCompile Include="CDX9TextureObject.cpp">
      <Filter>Source Files</Filter>
    </ClCompile>
    <ClCompile Include="CDX9VertexBufferObject.cpp">
      <Filter>Source Files</Filter>
    </ClCompile>
    <ClCompile Include="CDX9VertexShader.cpp">
      <Filter>Source Files</Filter>
    </ClCompile>
    <ClCompile Include="DX9RendererDLL.cpp">
      <Filter>Source Files</Filter>
    </ClCompile>
    <ClCompile Include="DX9Utilities.cpp">
      <Filter>Source Files</Filter>
    </ClCompile>
    <ClCompile Include="rgbe.cpp">
      <Filter>Source Files</Filter>
    </ClCompile>
    <ClCompile Include="StaticLibSymbols.cpp">
      <Filter>Source Files</Filter>
    </ClCompile>
    <ClCompile Include="stdafx.cpp">
      <Filter>Source Files</Filter>
    </ClCompile>
  </ItemGroup>
  <ItemGroup>
    <ClInclude Include="CDX9CubeTextureObject.h">
      <Filter>Header Files</Filter>
    </ClInclude>
    <ClInclude Include="CDX9Font.h">
      <Filter>Header Files</Filter>
    </ClInclude>
    <ClInclude Include="CDX9FontImplementation.h">
      <Filter>Header Files</Filter>
    </ClInclude>
    <ClInclude Include="CDX9IndexBuffer.h">
      <Filter>Header Files</Filter>
    </ClInclude>
    <ClInclude Include="CDX9MoviePlayer.h">
      <Filter>Header Files</Filter>
    </ClInclude>
    <ClInclude Include="CDX9PixelShader.h">
      <Filter>Header Files</Filter>
    </ClInclude>
    <ClInclude Include="CDX9RenderContext.h">
      <Filter>Header Files</Filter>
    </ClInclude>
    <ClInclude Include="CDX9Renderer.h">
      <Filter>Header Files</Filter>
    </ClInclude>
    <ClInclude Include="CDX9Shader.h">
      <Filter>Header Files</Filter>
    </ClInclude>
    <ClInclude Include="CDX9ShaderCommon.h">
      <Filter>Header Files</Filter>
    </ClInclude>
    <ClInclude Include="CDX9TextureObject.h">
      <Filter>Header Files</Filter>
    </ClInclude>
    <ClInclude Include="CDX9VertexBufferObject.h">
      <Filter>Header Files</Filter>
    </ClInclude>
    <ClInclude Include="CDX9VertexShader.h">
      <Filter>Header Files</Filter>
    </ClInclude>
    <ClInclude Include="Config.h">
      <Filter>Header Files</Filter>
    </ClInclude>
    <ClInclude Include="DX9Platform.h">
      <Filter>Header Files</Filter>
    </ClInclude>
    <ClInclude Include="..\..\include\DX9Renderers\DX9RenderersDefine.h">
      <Filter>Header Files</Filter>
    </ClInclude>
    <ClInclude Include="IMoviePlayer.h">
      <Filter>Header Files</Filter>
    </ClInclude>
    <ClInclude Include="rgbe.h">
      <Filter>Header Files</Filter>
    </ClInclude>
    <ClInclude Include="StaticLibSymbols.h">
      <Filter>Header Files</Filter>
    </ClInclude>
    <ClInclude Include="stdafx.h">
      <Filter>Header Files</Filter>
    </ClInclude>
  </ItemGroup>
  <ItemGroup>
    <CustomBuild Include="StaticLibSymbols.gen">
      <Filter>Source Files</Filter>
    </CustomBuild>
  </ItemGroup>
</Project>