<?xml version="1.0" encoding="utf-8"?>
<Project ToolsVersion="4.0" xmlns="http://schemas.microsoft.com/developer/msbuild/2003">
  <ItemGroup>
    <Filter Include="Entity">
      <UniqueIdentifier>{dff93bd8-0001-4eec-b975-40639d39e53f}</UniqueIdentifier>
    </Filter>
    <Filter Include="IO">
      <UniqueIdentifier>{6eb89cfb-02f2-4ac2-9472-8bc1ff1581e9}</UniqueIdentifier>
    </Filter>
    <Filter Include="Hierarchy">
      <UniqueIdentifier>{67c28fcb-afda-48ae-a65c-5fa14871427f}</UniqueIdentifier>
    </Filter>
    <Filter Include="Math">
      <UniqueIdentifier>{f5e80f94-f270-48d4-bf99-cf22ec592465}</UniqueIdentifier>
    </Filter>
    <Filter Include="Renderer">
      <UniqueIdentifier>{852c75fb-aec1-4b69-afbc-2b4fe620b5b4}</UniqueIdentifier>
    </Filter>
    <Filter Include="Renderer\Managers">
      <UniqueIdentifier>{4cb2f5aa-e06a-46b7-b223-d98f0e5a9dc6}</UniqueIdentifier>
    </Filter>
    <Filter Include="Renderer\Objects">
      <UniqueIdentifier>{8ab07e89-7de7-4c2a-bf17-1670138f6159}</UniqueIdentifier>
    </Filter>
    <Filter Include="Network">
      <UniqueIdentifier>{e11d5319-34fe-4a57-b023-ffa33fc1345e}</UniqueIdentifier>
    </Filter>
    <Filter Include="Input">
      <UniqueIdentifier>{43c173ff-f8bc-49a3-9380-f03959d27fc3}</UniqueIdentifier>
    </Filter>
    <Filter Include="Audio">
      <UniqueIdentifier>{06a835d4-f0a3-442a-944c-2a3cbd63d91c}</UniqueIdentifier>
    </Filter>
    <Filter Include="Platform">
      <UniqueIdentifier>{4e768f40-7e03-4a3d-8642-022b31a57878}</UniqueIdentifier>
    </Filter>
  </ItemGroup>
  <ItemGroup>
    <ClInclude Include="src\CEntity.h">
      <Filter>Entity</Filter>
    </ClInclude>
    <ClInclude Include="src\CEntityManager.h">
      <Filter>Entity</Filter>
    </ClInclude>
    <ClInclude Include="src\CEntityVisitor.h">
      <Filter>Entity</Filter>
    </ClInclude>
    <ClInclude Include="src\CTransform.h">
      <Filter>Entity</Filter>
    </ClInclude>
    <ClInclude Include="src\CArchive.h">
      <Filter>IO</Filter>
    </ClInclude>
    <ClInclude Include="src\CArchiveFactory.hpp">
      <Filter>IO</Filter>
    </ClInclude>
    <ClInclude Include="src\CFileStream.h">
      <Filter>IO</Filter>
    </ClInclude>
    <ClInclude Include="src\CMemStream.h">
      <Filter>IO</Filter>
    </ClInclude>
    <ClInclude Include="src\CXMLArchive.h">
      <Filter>IO</Filter>
    </ClInclude>
    <ClInclude Include="src\StreamFactory.hpp">
      <Filter>IO</Filter>
    </ClInclude>
    <ClInclude Include="src\CHierarchyManager.hpp">
      <Filter>Hierarchy</Filter>
    </ClInclude>
    <ClInclude Include="src\CSceneObjectManager.h">
      <Filter>Hierarchy</Filter>
    </ClInclude>
    <ClInclude Include="src\CWorld.h">
      <Filter>Hierarchy</Filter>
    </ClInclude>
    <ClInclude Include="src\tree.h">
      <Filter>Hierarchy</Filter>
    </ClInclude>
    <ClInclude Include="src\CCameraManager.h">
      <Filter>Renderer\Managers</Filter>
    </ClInclude>
    <ClInclude Include="src\CFontManager.h">
      <Filter>Renderer\Managers</Filter>
    </ClInclude>
    <ClInclude Include="src\CIndexBufferManager.h">
      <Filter>Renderer\Managers</Filter>
    </ClInclude>
    <ClInclude Include="src\CLightManager.h">
      <Filter>Renderer\Managers</Filter>
    </ClInclude>
    <ClInclude Include="src\CParticleManager.h">
      <Filter>Renderer\Managers</Filter>
    </ClInclude>
    <ClInclude Include="src\CRenderManager.h">
      <Filter>Renderer\Managers</Filter>
    </ClInclude>
    <ClInclude Include="src\CSceneVisibilityManager.h">
      <Filter>Renderer\Managers</Filter>
    </ClInclude>
    <ClInclude Include="src\CShaderManager.h">
      <Filter>Renderer\Managers</Filter>
    </ClInclude>
    <ClInclude Include="src\CShaderVarFuncs.h">
      <Filter>Renderer\Managers</Filter>
    </ClInclude>
    <ClInclude Include="src\CSpriteManager.h">
      <Filter>Renderer\Managers</Filter>
    </ClInclude>
    <ClInclude Include="src\CTextureManager.h">
      <Filter>Renderer\Managers</Filter>
    </ClInclude>
    <ClInclude Include="src\CVertexBufferManager.h">
      <Filter>Renderer\Managers</Filter>
    </ClInclude>
    <ClInclude Include="src\CAnimatedTexture.h">
      <Filter>Renderer\Objects</Filter>
    </ClInclude>
    <ClInclude Include="src\CBatchGeometry.h">
      <Filter>Renderer\Objects</Filter>
    </ClInclude>
    <ClInclude Include="src\CCamera.h">
      <Filter>Renderer\Objects</Filter>
    </ClInclude>
    <ClInclude Include="src\CController.h">
      <Filter>Renderer\Objects</Filter>
    </ClInclude>
    <ClInclude Include="src\CEffect.h">
      <Filter>Renderer\Objects</Filter>
    </ClInclude>
    <ClInclude Include="src\CGeometry.h">
      <Filter>Renderer\Objects</Filter>
    </ClInclude>
    <ClInclude Include="src\CLightObject.h">
      <Filter>Renderer\Objects</Filter>
    </ClInclude>
    <ClInclude Include="src\CMaterial.h">
      <Filter>Renderer\Objects</Filter>
    </ClInclude>
    <ClInclude Include="src\CMaterialOverride.h">
      <Filter>Renderer\Objects</Filter>
    </ClInclude>
    <ClInclude Include="src\CMaterialTemplate.h">
      <Filter>Renderer\Objects</Filter>
    </ClInclude>
    <ClInclude Include="src\CMeshObject.h">
      <Filter>Renderer\Objects</Filter>
    </ClInclude>
    <ClInclude Include="src\CObjectSceneSettings.h">
      <Filter>Renderer\Objects</Filter>
    </ClInclude>
    <ClInclude Include="src\CParticleBatchRenderObject.h">
      <Filter>Renderer\Objects</Filter>
    </ClInclude>
    <ClInclude Include="src\CParticleEmitter.h">
      <Filter>Renderer\Objects</Filter>
    </ClInclude>
    <ClInclude Include="src\CParticleEmitterObject.h">
      <Filter>Renderer\Objects</Filter>
    </ClInclude>
    <ClInclude Include="src\CParticleEmitterType.h">
      <Filter>Renderer\Objects</Filter>
    </ClInclude>
    <ClInclude Include="src\CParticleLineRenderObject.h">
      <Filter>Renderer\Objects</Filter>
    </ClInclude>
    <ClInclude Include="src\CParticleLineType.h">
      <Filter>Renderer\Objects</Filter>
    </ClInclude>
    <ClInclude Include="src\CParticleRenderObject.h">
      <Filter>Renderer\Objects</Filter>
    </ClInclude>
    <ClInclude Include="src\CParticleRibbonRenderObject.h">
      <Filter>Renderer\Objects</Filter>
    </ClInclude>
    <ClInclude Include="src\CParticleRibbonType.h">
      <Filter>Renderer\Objects</Filter>
    </ClInclude>
    <ClInclude Include="src\CParticleSystemObject.h">
      <Filter>Renderer\Objects</Filter>
    </ClInclude>
    <ClInclude Include="src\CParticleType.h">
      <Filter>Renderer\Objects</Filter>
    </ClInclude>
    <ClInclude Include="src\CShaderPath.h">
      <Filter>Renderer\Objects</Filter>
    </ClInclude>
    <ClInclude Include="src\CStreamObject.h">
      <Filter>Renderer\Objects</Filter>
    </ClInclude>
    <ClInclude Include="src\CTextureCompositer.h">
      <Filter>Renderer\Objects</Filter>
    </ClInclude>
    <ClInclude Include="src\CVertexFormat.h">
      <Filter>Renderer\Objects</Filter>
    </ClInclude>
    <ClInclude Include="src\CNetConnection.h">
      <Filter>Network</Filter>
    </ClInclude>
    <ClInclude Include="src\CNetManager.h">
      <Filter>Network</Filter>
    </ClInclude>
    <ClInclude Include="src\CInputManager.h">
      <Filter>Input</Filter>
    </ClInclude>
    <ClInclude Include="Sdk\include\JoystickKeyDefs.h">
      <Filter>Input</Filter>
    </ClInclude>
    <ClInclude Include="src\JoystickManager.h">
      <Filter>Input</Filter>
    </ClInclude>
    <ClInclude Include="Sdk\include\KeyDefs.h">
      <Filter>Input</Filter>
    </ClInclude>
    <ClInclude Include="src\CSoundManager.h">
      <Filter>Audio</Filter>
    </ClInclude>
    <ClInclude Include="src\C2DLine.h" />
    <ClInclude Include="src\CDelayedDeleteListener.h" />
    <ClInclude Include="Sdk\include\CHashString.hpp" />
    <ClInclude Include="src\CListenerFactory.h" />
    <ClInclude Include="src\CMemoryAllocator.h" />
    <ClInclude Include="src\CObjectFactory.h" />
    <ClInclude Include="src\Config.h" />
    <ClInclude Include="src\CPerfTimer.h" />
    <ClInclude Include="src\CTimer.h" />
    <ClInclude Include="src\CToolBox.h" />
    <ClInclude Include="src\DefaultLogger.hpp" />
    <ClInclude Include="SDK\include\LoadSaverBase.hpp" />
    <ClInclude Include="src\PerformanceProfilerHandler.h" />
    <ClInclude Include="src\ProxyManager.h" />
    <ClInclude Include="resource.h" />
    <ClInclude Include="src\StaticLibSymbols.h" />
    <ClInclude Include="src\StdAfx.h" />
    <ClInclude Include="src\Typedef.h" />
    <ClInclude Include="src\base64.h" />
    <ClInclude Include="src\Platform\Win32\CPluginLoader.h">
      <Filter>Platform</Filter>
    </ClInclude>
    <ClInclude Include="src\Math\DefaultMathUtilImpl.h">
      <Filter>Math</Filter>
    </ClInclude>
    <ClInclude Include="src\Math\DefaultMatrix3x3Impl.h">
      <Filter>Math</Filter>
    </ClInclude>
    <ClInclude Include="src\Math\DefaultMatrix4x4Impl.h">
      <Filter>Math</Filter>
    </ClInclude>
    <ClInclude Include="src\Math\DefaultPlaneImpl.h">
      <Filter>Math</Filter>
    </ClInclude>
    <ClInclude Include="src\Math\DefaultQuaternionImpl.h">
      <Filter>Math</Filter>
    </ClInclude>
    <ClInclude Include="src\Math\DefaultRandomImpl.h">
      <Filter>Math</Filter>
    </ClInclude>
    <ClInclude Include="src\Math\DefaultRayImplementation.h">
      <Filter>Math</Filter>
    </ClInclude>
    <ClInclude Include="src\Math\DefaultVec3Implementation.h">
      <Filter>Math</Filter>
    </ClInclude>
    <ClInclude Include="src\Math\DefaultVec4Implementation.h">
      <Filter>Math</Filter>
    </ClInclude>
    <ClInclude Include="src\Math\MathManager.h">
      <Filter>Math</Filter>
    </ClInclude>
    <ClInclude Include="src\Math\DefaultAABBImplementation.h">
      <Filter>Math</Filter>
    </ClInclude>
    <ClInclude Include="src\Math\DefaultEulerImplementation.h">
      <Filter>Math</Filter>
    </ClInclude>
    <ClInclude Include="src\Platform\Win32\CFindFiles.h">
      <Filter>Platform</Filter>
    </ClInclude>
  </ItemGroup>
  <ItemGroup>
    <ClCompile Include="src\CEntity.cpp">
      <Filter>Entity</Filter>
    </ClCompile>
    <ClCompile Include="src\CEntityManager.cpp">
      <Filter>Entity</Filter>
    </ClCompile>
    <ClCompile Include="src\CTransform.cpp">
      <Filter>Entity</Filter>
    </ClCompile>
    <ClCompile Include="src\CArchive.cpp">
      <Filter>IO</Filter>
    </ClCompile>
    <ClCompile Include="src\CArchiveFactory.cpp">
      <Filter>IO</Filter>
    </ClCompile>
    <ClCompile Include="src\CFileStream.cpp">
      <Filter>IO</Filter>
    </ClCompile>
    <ClCompile Include="src\CMemStream.cpp">
      <Filter>IO</Filter>
    </ClCompile>
    <ClCompile Include="src\CXMLArchive.cpp">
      <Filter>IO</Filter>
    </ClCompile>
    <ClCompile Include="src\StreamFactory.cpp">
      <Filter>IO</Filter>
    </ClCompile>
    <ClCompile Include="src\CHierarchyManager.cpp">
      <Filter>Hierarchy</Filter>
    </ClCompile>
    <ClCompile Include="src\CSceneObjectManager.cpp">
      <Filter>Hierarchy</Filter>
    </ClCompile>
    <ClCompile Include="src\CWorld.cpp">
      <Filter>Hierarchy</Filter>
    </ClCompile>
    <ClCompile Include="src\CCameraManager.cpp">
      <Filter>Renderer\Managers</Filter>
    </ClCompile>
    <ClCompile Include="src\CFontManager.cpp">
      <Filter>Renderer\Managers</Filter>
    </ClCompile>
    <ClCompile Include="src\CIndexBufferManager.cpp">
      <Filter>Renderer\Managers</Filter>
    </ClCompile>
    <ClCompile Include="src\CLightManager.cpp">
      <Filter>Renderer\Managers</Filter>
    </ClCompile>
    <ClCompile Include="src\CParticleManager.cpp">
      <Filter>Renderer\Managers</Filter>
    </ClCompile>
    <ClCompile Include="src\CRenderManager.cpp">
      <Filter>Renderer\Managers</Filter>
    </ClCompile>
    <ClCompile Include="src\CSceneVisibilityManager.cpp">
      <Filter>Renderer\Managers</Filter>
    </ClCompile>
    <ClCompile Include="src\CShaderManager.cpp">
      <Filter>Renderer\Managers</Filter>
    </ClCompile>
    <ClCompile Include="src\CSpriteManager.cpp">
      <Filter>Renderer\Managers</Filter>
    </ClCompile>
    <ClCompile Include="src\CTextureManager.cpp">
      <Filter>Renderer\Managers</Filter>
    </ClCompile>
    <ClCompile Include="src\CVertexBufferManager.cpp">
      <Filter>Renderer\Managers</Filter>
    </ClCompile>
    <ClCompile Include="src\CAnimatedTexture.cpp">
      <Filter>Renderer\Objects</Filter>
    </ClCompile>
    <ClCompile Include="src\CBatchGeometry.cpp">
      <Filter>Renderer\Objects</Filter>
    </ClCompile>
    <ClCompile Include="src\CCamera.cpp">
      <Filter>Renderer\Objects</Filter>
    </ClCompile>
    <ClCompile Include="src\CEffect.cpp">
      <Filter>Renderer\Objects</Filter>
    </ClCompile>
    <ClCompile Include="src\CGeometry.cpp">
      <Filter>Renderer\Objects</Filter>
    </ClCompile>
    <ClCompile Include="src\CLightObject.cpp">
      <Filter>Renderer\Objects</Filter>
    </ClCompile>
    <ClCompile Include="src\CMaterial.cpp">
      <Filter>Renderer\Objects</Filter>
    </ClCompile>
    <ClCompile Include="src\CMaterialOverride.cpp">
      <Filter>Renderer\Objects</Filter>
    </ClCompile>
    <ClCompile Include="src\CMaterialTemplate.cpp">
      <Filter>Renderer\Objects</Filter>
    </ClCompile>
    <ClCompile Include="src\CMeshObject.cpp">
      <Filter>Renderer\Objects</Filter>
    </ClCompile>
    <ClCompile Include="src\CObjectSceneSettings.cpp">
      <Filter>Renderer\Objects</Filter>
    </ClCompile>
    <ClCompile Include="src\CParticleBatchRenderObject.cpp">
      <Filter>Renderer\Objects</Filter>
    </ClCompile>
    <ClCompile Include="src\CParticleEmitter.cpp">
      <Filter>Renderer\Objects</Filter>
    </ClCompile>
    <ClCompile Include="src\CParticleEmitterObject.cpp">
      <Filter>Renderer\Objects</Filter>
    </ClCompile>
    <ClCompile Include="src\CParticleEmitterType.cpp">
      <Filter>Renderer\Objects</Filter>
    </ClCompile>
    <ClCompile Include="src\CParticleLineRenderObject.cpp">
      <Filter>Renderer\Objects</Filter>
    </ClCompile>
    <ClCompile Include="src\CParticleLineType.cpp">
      <Filter>Renderer\Objects</Filter>
    </ClCompile>
    <ClCompile Include="src\CParticleRenderObject.cpp">
      <Filter>Renderer\Objects</Filter>
    </ClCompile>
    <ClCompile Include="src\CParticleRibbonRenderObject.cpp">
      <Filter>Renderer\Objects</Filter>
    </ClCompile>
    <ClCompile Include="src\CParticleRibbonType.cpp">
      <Filter>Renderer\Objects</Filter>
    </ClCompile>
    <ClCompile Include="src\CParticleSystemObject.cpp">
      <Filter>Renderer\Objects</Filter>
    </ClCompile>
    <ClCompile Include="src\CParticleType.cpp">
      <Filter>Renderer\Objects</Filter>
    </ClCompile>
    <ClCompile Include="src\CShaderDefines.cpp">
      <Filter>Renderer\Objects</Filter>
    </ClCompile>
    <ClCompile Include="src\CShaderPath.cpp">
      <Filter>Renderer\Objects</Filter>
    </ClCompile>
    <ClCompile Include="src\CTextureCompositer.cpp">
      <Filter>Renderer\Objects</Filter>
    </ClCompile>
    <ClCompile Include="src\CVertexFormat.cpp">
      <Filter>Renderer\Objects</Filter>
    </ClCompile>
    <ClCompile Include="src\CNetConnection.cpp">
      <Filter>Network</Filter>
    </ClCompile>
    <ClCompile Include="src\CNetManager.cpp">
      <Filter>Network</Filter>
    </ClCompile>
    <ClCompile Include="src\CInputManager.cpp">
      <Filter>Input</Filter>
    </ClCompile>
    <ClCompile Include="src\JoystickManager.cpp">
      <Filter>Input</Filter>
    </ClCompile>
    <ClCompile Include="src\CSoundManager.cpp">
      <Filter>Audio</Filter>
    </ClCompile>
    <ClCompile Include="src\C2DLine.cpp" />
    <ClCompile Include="src\CDelayedDeleteListener.cpp" />
    <ClCompile Include="src\CListenerFactory.cpp" />
    <ClCompile Include="src\CMemoryAllocator.cpp" />
    <ClCompile Include="src\CObjectFactory.cpp" />
    <ClCompile Include="src\CPerfTimer.cpp" />
    <ClCompile Include="src\CTimer.cpp" />
    <ClCompile Include="src\CToolBox.cpp" />
    <ClCompile Include="src\DefaultLogger.cpp" />
    <ClCompile Include="src\PerformanceProfilerHandler.cpp" />
    <ClCompile Include="src\ProxyManager.cpp" />
    <ClCompile Include="src\StaticLibSymbols.cpp" />
    <ClCompile Include="src\StdAfx.cpp" />
    <ClCompile Include="src\base64.cpp" />
    <ClCompile Include="src\Platform\Win32\CPluginLoader.cpp">
      <Filter>Platform</Filter>
    </ClCompile>
    <ClCompile Include="src\Math\DefaultMathUtilImpl.cpp">
      <Filter>Math</Filter>
    </ClCompile>
    <ClCompile Include="src\Math\DefaultMatrix3x3Impl.cpp">
      <Filter>Math</Filter>
    </ClCompile>
    <ClCompile Include="src\Math\DefaultMatrix4x4Impl.cpp">
      <Filter>Math</Filter>
    </ClCompile>
    <ClCompile Include="src\Math\DefaultPlaneImpl.cpp">
      <Filter>Math</Filter>
    </ClCompile>
    <ClCompile Include="src\Math\DefaultQuaternionImpl.cpp">
      <Filter>Math</Filter>
    </ClCompile>
    <ClCompile Include="src\Math\DefaultRandomImpl.cpp">
      <Filter>Math</Filter>
    </ClCompile>
    <ClCompile Include="src\Math\DefaultRayImplementation.cpp">
      <Filter>Math</Filter>
    </ClCompile>
    <ClCompile Include="src\Math\DefaultVec3Implementation.cpp">
      <Filter>Math</Filter>
    </ClCompile>
    <ClCompile Include="src\Math\DefaultVec4Implementation.cpp">
      <Filter>Math</Filter>
    </ClCompile>
    <ClCompile Include="src\Math\MathManager.cpp">
      <Filter>Math</Filter>
    </ClCompile>
    <ClCompile Include="src\Math\DefaultAABBImplementation.cpp">
      <Filter>Math</Filter>
    </ClCompile>
    <ClCompile Include="src\Math\DefaultEulerImplementation.cpp">
      <Filter>Math</Filter>
    </ClCompile>
    <ClCompile Include="src\Math\DefaultMathImplemenation.cpp">
      <Filter>Math</Filter>
    </ClCompile>
    <ClCompile Include="src\Platform\Win32\CFindFiles.cpp">
      <Filter>Platform</Filter>
    </ClCompile>
  </ItemGroup>
  <ItemGroup>
    <ResourceCompile Include="ElementalEngine.rc" />
  </ItemGroup>
  <ItemGroup>
    <None Include="icon1.ico" />
  </ItemGroup>
  <ItemGroup>
    <CustomBuildStep Include="src\CShaderDefines.h">
      <Filter>Renderer\Objects</Filter>
    </CustomBuildStep>
  </ItemGroup>
  <ItemGroup>
    <CustomBuild Include="src\StaticLibSymbols.gen" />
  </ItemGroup>
</Project>