<?xml version="1.0" encoding="utf-8"?>
<Project ToolsVersion="4.0" xmlns="http://schemas.microsoft.com/developer/msbuild/2003">
  <ItemGroup>
    <Filter Include="Source Files">
      <UniqueIdentifier>{4FC737F1-C7A5-4376-A066-2A32D752A2FF}</UniqueIdentifier>
      <Extensions>cpp;c;cxx;def;odl;idl;hpj;bat;asm;asmx</Extensions>
    </Filter>
    <Filter Include="Header Files">
      <UniqueIdentifier>{93995380-89BD-4b04-88EB-625FBE52EBFB}</UniqueIdentifier>
      <Extensions>h;hpp;hxx;hm;inl;inc;xsd</Extensions>
    </Filter>
    <Filter Include="Resource Files">
      <UniqueIdentifier>{67DA6AB6-F800-4c08-8B7A-83BB121AAD01}</UniqueIdentifier>
      <Extensions>rc;ico;cur;bmp;dlg;rc2;rct;bin;rgs;gif;jpg;jpeg;jpe;resx</Extensions>
    </Filter>
    <Filter Include="Header Files\Interfaces">
      <UniqueIdentifier>{e8321dae-a132-4074-b404-7cd77f8165ab}</UniqueIdentifier>
    </Filter>
    <Filter Include="Header Files\Interfaces\Shader System">
      <UniqueIdentifier>{3943ff99-fed7-4be0-ad6a-59db93c285f8}</UniqueIdentifier>
    </Filter>
  </ItemGroup>
  <ItemGroup>
    <ClCompile Include="AABB.cpp">
      <Filter>Source Files</Filter>
    </ClCompile>
    <ClCompile Include="CJoystick.cpp">
      <Filter>Source Files</Filter>
    </ClCompile>
    <ClCompile Include="CJoystickAxis.cpp">
      <Filter>Source Files</Filter>
    </ClCompile>
    <ClCompile Include="CJoystickHandler.cpp">
      <Filter>Source Files</Filter>
    </ClCompile>
    <ClCompile Include="CKeyFrame.cpp">
      <Filter>Source Files</Filter>
    </ClCompile>
    <ClCompile Include="CManager.cpp">
      <Filter>Source Files</Filter>
    </ClCompile>
    <ClCompile Include="CManagerListener.cpp">
      <Filter>Source Files</Filter>
    </ClCompile>
    <ClCompile Include="CMeshDescriptors.cpp">
      <Filter>Source Files</Filter>
    </ClCompile>
    <ClCompile Include="dlmalloc.c">
      <Filter>Source Files</Filter>
    </ClCompile>
    <ClCompile Include="EEMath.cpp">
      <Filter>Source Files</Filter>
    </ClCompile>
    <ClCompile Include="EEStdStreamBufProxy.cpp">
      <Filter>Source Files</Filter>
    </ClCompile>
    <ClCompile Include="EEStdStreamProxy.cpp">
      <Filter>Source Files</Filter>
    </ClCompile>
    <ClCompile Include="EulerAngle.cpp">
      <Filter>Source Files</Filter>
    </ClCompile>
    <ClCompile Include="ExceptionHandler.cpp">
      <Filter>Source Files</Filter>
    </ClCompile>
    <ClCompile Include="FilePath.cpp">
      <Filter>Source Files</Filter>
    </ClCompile>
    <ClCompile Include="Frustum.cpp">
      <Filter>Source Files</Filter>
    </ClCompile>
    <ClCompile Include="MathUtils.cpp">
      <Filter>Source Files</Filter>
    </ClCompile>
    <ClCompile Include="Matrix3x3.cpp">
      <Filter>Source Files</Filter>
    </ClCompile>
    <ClCompile Include="Matrix4x4.cpp">
      <Filter>Source Files</Filter>
    </ClCompile>
    <ClCompile Include="Plane.cpp">
      <Filter>Source Files</Filter>
    </ClCompile>
    <ClCompile Include="ProxyObject.cpp">
      <Filter>Source Files</Filter>
    </ClCompile>
    <ClCompile Include="Quaternion.cpp">
      <Filter>Source Files</Filter>
    </ClCompile>
    <ClCompile Include="Random.cpp">
      <Filter>Source Files</Filter>
    </ClCompile>
    <ClCompile Include="Ray.cpp">
      <Filter>Source Files</Filter>
    </ClCompile>
    <ClCompile Include="stdafx.cpp">
      <Filter>Source Files</Filter>
    </ClCompile>
    <ClCompile Include="Vec3.cpp">
      <Filter>Source Files</Filter>
    </ClCompile>
    <ClCompile Include="Vec4.cpp">
      <Filter>Source Files</Filter>
    </ClCompile>
    <ClCompile Include="HelperFuncs.cpp">
      <Filter>Source Files</Filter>
    </ClCompile>
  </ItemGroup>
  <ItemGroup>
    <ClInclude Include="..\Sdk\include\AABB.h">
      <Filter>Header Files</Filter>
    </ClInclude>
    <ClInclude Include="..\SDK\include\CJoystick.h">
      <Filter>Header Files</Filter>
    </ClInclude>
    <ClInclude Include="..\SDK\include\CJoystickAxis.h">
      <Filter>Header Files</Filter>
    </ClInclude>
    <ClInclude Include="..\SDK\include\CJoystickHandler.h">
      <Filter>Header Files</Filter>
    </ClInclude>
    <ClInclude Include="..\Sdk\include\CKeyFrame.h">
      <Filter>Header Files</Filter>
    </ClInclude>
    <ClInclude Include="..\Sdk\include\CManager.h">
      <Filter>Header Files</Filter>
    </ClInclude>
    <ClInclude Include="..\Sdk\include\CManagerListener.h">
      <Filter>Header Files</Filter>
    </ClInclude>
    <ClInclude Include="..\SDK\include\CMeshDescriptors.h">
      <Filter>Header Files</Filter>
    </ClInclude>
    <ClInclude Include="..\Sdk\include\CPoolAllocator.h">
      <Filter>Header Files</Filter>
    </ClInclude>
    <ClInclude Include="..\Sdk\include\CRenderObject.h">
      <Filter>Header Files</Filter>
    </ClInclude>
    <ClInclude Include="dlmalloc.h">
      <Filter>Header Files</Filter>
    </ClInclude>
    <ClInclude Include="..\Sdk\include\EEMemory.h">
      <Filter>Header Files</Filter>
    </ClInclude>
    <ClInclude Include="EEStdStreamBufProxy.h">
      <Filter>Header Files</Filter>
    </ClInclude>
    <ClInclude Include="..\Sdk\include\EEStdStreamProxy.h">
      <Filter>Header Files</Filter>
    </ClInclude>
    <ClInclude Include="..\Sdk\include\EulerAngle.h">
      <Filter>Header Files</Filter>
    </ClInclude>
    <ClInclude Include="..\Sdk\include\ExceptionHandler.h">
      <Filter>Header Files</Filter>
    </ClInclude>
    <ClInclude Include="..\SDK\include\FilePath.h">
      <Filter>Header Files</Filter>
    </ClInclude>
    <ClInclude Include="..\SDK\include\Frustum.h">
      <Filter>Header Files</Filter>
    </ClInclude>
    <ClInclude Include="..\Sdk\include\MathUtils.h">
      <Filter>Header Files</Filter>
    </ClInclude>
    <ClInclude Include="..\Sdk\include\Matrix3x3.h">
      <Filter>Header Files</Filter>
    </ClInclude>
    <ClInclude Include="..\Sdk\include\Matrix4x4.h">
      <Filter>Header Files</Filter>
    </ClInclude>
    <ClInclude Include="..\Sdk\include\PerformanceProfiler.h">
      <Filter>Header Files</Filter>
    </ClInclude>
    <ClInclude Include="..\Sdk\include\Plane.h">
      <Filter>Header Files</Filter>
    </ClInclude>
    <ClInclude Include="..\Sdk\include\ProxyObject.h">
      <Filter>Header Files</Filter>
    </ClInclude>
    <ClInclude Include="..\Sdk\include\Quaternion.h">
      <Filter>Header Files</Filter>
    </ClInclude>
    <ClInclude Include="..\Sdk\include\Random.h">
      <Filter>Header Files</Filter>
    </ClInclude>
    <ClInclude Include="..\Sdk\include\Ray.h">
      <Filter>Header Files</Filter>
    </ClInclude>
    <ClInclude Include="..\Sdk\include\Vec3.h">
      <Filter>Header Files</Filter>
    </ClInclude>
    <ClInclude Include="..\Sdk\include\Vec4.h">
      <Filter>Header Files</Filter>
    </ClInclude>
    <ClInclude Include="..\Sdk\include\EESDK.h">
      <Filter>Header Files</Filter>
    </ClInclude>
    <ClInclude Include="..\Platform\Platform.h">
      <Filter>Header Files</Filter>
    </ClInclude>
    <ClInclude Include="..\Platform\PlatformWin32.h">
      <Filter>Header Files</Filter>
    </ClInclude>
    <ClInclude Include="..\Platform\TCharPlatform.h">
      <Filter>Header Files</Filter>
    </ClInclude>
    <ClInclude Include="..\Sdk\include\CObjectTemplate.hpp">
      <Filter>Header Files\Interfaces</Filter>
    </ClInclude>
    <ClInclude Include="..\SDK\include\CParticleObject.h">
      <Filter>Header Files\Interfaces</Filter>
    </ClInclude>
    <ClInclude Include="..\Sdk\include\CSceneObject.h">
      <Filter>Header Files\Interfaces</Filter>
    </ClInclude>
    <ClInclude Include="..\Sdk\include\ElementalEngine.hpp">
      <Filter>Header Files\Interfaces</Filter>
    </ClInclude>
    <ClInclude Include="..\Sdk\include\IAABBImplementation.h">
      <Filter>Header Files\Interfaces</Filter>
    </ClInclude>
    <ClInclude Include="..\Sdk\include\IActionHandler.h">
      <Filter>Header Files\Interfaces</Filter>
    </ClInclude>
    <ClInclude Include="..\Sdk\include\IAnimatedTexture.h">
      <Filter>Header Files\Interfaces</Filter>
    </ClInclude>
    <ClInclude Include="..\Sdk\include\IArchive.hpp">
      <Filter>Header Files\Interfaces</Filter>
    </ClInclude>
    <ClInclude Include="..\SDK\include\IAttributeObject.h">
      <Filter>Header Files\Interfaces</Filter>
    </ClInclude>
    <ClInclude Include="..\Sdk\include\ICamera.h">
      <Filter>Header Files\Interfaces</Filter>
    </ClInclude>
    <ClInclude Include="..\Sdk\include\IComponent.hpp">
      <Filter>Header Files\Interfaces</Filter>
    </ClInclude>
    <ClInclude Include="..\Sdk\include\IConfig.h">
      <Filter>Header Files\Interfaces</Filter>
    </ClInclude>
    <ClInclude Include="..\Sdk\include\IController.h">
      <Filter>Header Files\Interfaces</Filter>
    </ClInclude>
    <ClInclude Include="..\Sdk\include\IEEStream.h">
      <Filter>Header Files\Interfaces</Filter>
    </ClInclude>
    <ClInclude Include="..\Sdk\include\IEulerImplementation.h">
      <Filter>Header Files\Interfaces</Filter>
    </ClInclude>
    <ClInclude Include="..\Sdk\include\IFont.h">
      <Filter>Header Files\Interfaces</Filter>
    </ClInclude>
    <ClInclude Include="..\Sdk\include\IGeometry.h">
      <Filter>Header Files\Interfaces</Filter>
    </ClInclude>
    <ClInclude Include="..\Sdk\include\IGUIElement.h">
      <Filter>Header Files\Interfaces</Filter>
    </ClInclude>
    <ClInclude Include="..\Sdk\include\IGUIReference.h">
      <Filter>Header Files\Interfaces</Filter>
    </ClInclude>
    <ClInclude Include="..\Sdk\include\IHashString.hpp">
      <Filter>Header Files\Interfaces</Filter>
    </ClInclude>
    <ClInclude Include="..\Sdk\include\IIndexBuffer.h">
      <Filter>Header Files\Interfaces</Filter>
    </ClInclude>
    <ClInclude Include="..\SDK\include\IInputHandler.h">
      <Filter>Header Files\Interfaces</Filter>
    </ClInclude>
    <ClInclude Include="..\SDK\include\IJoystick.h">
      <Filter>Header Files\Interfaces</Filter>
    </ClInclude>
    <ClInclude Include="..\SDK\include\IJoystickHandler.h">
      <Filter>Header Files\Interfaces</Filter>
    </ClInclude>
    <ClInclude Include="..\Sdk\include\ILightObject.h">
      <Filter>Header Files\Interfaces</Filter>
    </ClInclude>
    <ClInclude Include="..\Sdk\include\IListener.h">
      <Filter>Header Files\Interfaces</Filter>
    </ClInclude>
    <ClInclude Include="..\Sdk\include\IListenerFactory.h">
      <Filter>Header Files\Interfaces</Filter>
    </ClInclude>
    <ClInclude Include="..\Sdk\include\ILoadSave.hpp">
      <Filter>Header Files\Interfaces</Filter>
    </ClInclude>
    <ClInclude Include="..\Sdk\include\IManager.h">
      <Filter>Header Files\Interfaces</Filter>
    </ClInclude>
    <ClInclude Include="..\Sdk\include\IMathUtilImplementation.h">
      <Filter>Header Files\Interfaces</Filter>
    </ClInclude>
    <ClInclude Include="..\Sdk\include\IMatrix3x3Implementation.h">
      <Filter>Header Files\Interfaces</Filter>
    </ClInclude>
    <ClInclude Include="..\Sdk\include\IMatrix4x4Implementation.h">
      <Filter>Header Files\Interfaces</Filter>
    </ClInclude>
    <ClInclude Include="..\Sdk\include\IMeshObject.h">
      <Filter>Header Files\Interfaces</Filter>
    </ClInclude>
    <ClInclude Include="..\Sdk\include\IObject.h">
      <Filter>Header Files\Interfaces</Filter>
    </ClInclude>
    <ClInclude Include="..\Sdk\include\IParticle.h">
      <Filter>Header Files\Interfaces</Filter>
    </ClInclude>
    <ClInclude Include="..\Sdk\include\IParticleEmitter.h">
      <Filter>Header Files\Interfaces</Filter>
    </ClInclude>
    <ClInclude Include="..\SDK\include\IParticleObject.h">
      <Filter>Header Files\Interfaces</Filter>
    </ClInclude>
    <ClInclude Include="..\Sdk\include\IPhysObject.h">
      <Filter>Header Files\Interfaces</Filter>
    </ClInclude>
    <ClInclude Include="..\Sdk\include\IPlaneImplementation.h">
      <Filter>Header Files\Interfaces</Filter>
    </ClInclude>
    <ClInclude Include="..\SDK\include\IPluginLoader.h">
      <Filter>Header Files\Interfaces</Filter>
    </ClInclude>
    <ClInclude Include="..\Sdk\include\IQuaternionImplementation.h">
      <Filter>Header Files\Interfaces</Filter>
    </ClInclude>
    <ClInclude Include="..\Sdk\include\IRandomImplementation.h">
      <Filter>Header Files\Interfaces</Filter>
    </ClInclude>
    <ClInclude Include="..\Sdk\include\IRayImplementation.h">
      <Filter>Header Files\Interfaces</Filter>
    </ClInclude>
    <ClInclude Include="..\Sdk\include\IRenderContext.h">
      <Filter>Header Files\Interfaces</Filter>
    </ClInclude>
    <ClInclude Include="..\Sdk\include\IRenderer.h">
      <Filter>Header Files\Interfaces</Filter>
    </ClInclude>
    <ClInclude Include="..\Sdk\include\IRenderObject.h">
      <Filter>Header Files\Interfaces</Filter>
    </ClInclude>
    <ClInclude Include="..\SDK\include\IScene.h">
      <Filter>Header Files\Interfaces</Filter>
    </ClInclude>
    <ClInclude Include="..\SDK\include\ISceneNode.h">
      <Filter>Header Files\Interfaces</Filter>
    </ClInclude>
    <ClInclude Include="..\Sdk\include\ISceneObject.h">
      <Filter>Header Files\Interfaces</Filter>
    </ClInclude>
    <ClInclude Include="..\Sdk\include\ISoundObject.hpp">
      <Filter>Header Files\Interfaces</Filter>
    </ClInclude>
    <ClInclude Include="..\Sdk\include\IStreamObject.h">
      <Filter>Header Files\Interfaces</Filter>
    </ClInclude>
    <ClInclude Include="..\Sdk\include\ITextureManager.h">
      <Filter>Header Files\Interfaces</Filter>
    </ClInclude>
    <ClInclude Include="..\Sdk\include\ITextureObject.h">
      <Filter>Header Files\Interfaces</Filter>
    </ClInclude>
    <ClInclude Include="..\Sdk\include\IToolBox.h">
      <Filter>Header Files\Interfaces</Filter>
    </ClInclude>
    <ClInclude Include="..\Sdk\include\IVec3Implementation.h">
      <Filter>Header Files\Interfaces</Filter>
    </ClInclude>
    <ClInclude Include="..\Sdk\include\IVec4Implementation.h">
      <Filter>Header Files\Interfaces</Filter>
    </ClInclude>
    <ClInclude Include="..\Sdk\include\IVertexBufferObject.h">
      <Filter>Header Files\Interfaces</Filter>
    </ClInclude>
    <ClInclude Include="..\Sdk\include\IVisitor.h">
      <Filter>Header Files\Interfaces</Filter>
    </ClInclude>
    <ClInclude Include="..\Sdk\include\IXMLArchive.h">
      <Filter>Header Files\Interfaces</Filter>
    </ClInclude>
    <ClInclude Include="..\Sdk\include\MessageError.hpp">
      <Filter>Header Files\Interfaces</Filter>
    </ClInclude>
    <ClInclude Include="..\SDK\include\NetworkMessages.h">
      <Filter>Header Files\Interfaces</Filter>
    </ClInclude>
    <ClInclude Include="..\Sdk\include\StdString.h">
      <Filter>Header Files\Interfaces</Filter>
    </ClInclude>
    <ClInclude Include="..\SDK\include\IFindFiles.h">
      <Filter>Header Files\Interfaces</Filter>
    </ClInclude>
    <ClInclude Include="..\Sdk\include\IEffect.h">
      <Filter>Header Files\Interfaces\Shader System</Filter>
    </ClInclude>
    <ClInclude Include="..\Sdk\include\IMaterial.h">
      <Filter>Header Files\Interfaces\Shader System</Filter>
    </ClInclude>
    <ClInclude Include="..\Sdk\include\IMaterialOverride.h">
      <Filter>Header Files\Interfaces\Shader System</Filter>
    </ClInclude>
    <ClInclude Include="..\Sdk\include\IMaterialTemplate.h">
      <Filter>Header Files\Interfaces\Shader System</Filter>
    </ClInclude>
    <ClInclude Include="..\Sdk\include\ISceneSettings.h">
      <Filter>Header Files\Interfaces\Shader System</Filter>
    </ClInclude>
    <ClInclude Include="..\Sdk\include\IShader.h">
      <Filter>Header Files\Interfaces\Shader System</Filter>
    </ClInclude>
    <ClInclude Include="..\Sdk\include\IShaderPath.h">
      <Filter>Header Files\Interfaces\Shader System</Filter>
    </ClInclude>
    <ClInclude Include="..\Sdk\include\IVertexFormat.h">
      <Filter>Header Files\Interfaces\Shader System</Filter>
    </ClInclude>
    <ClInclude Include="..\Sdk\include\RenderFlags.h">
      <Filter>Header Files\Interfaces\Shader System</Filter>
    </ClInclude>
    <ClInclude Include="..\SDK\include\RenderStructs.h">
      <Filter>Header Files\Interfaces\Shader System</Filter>
    </ClInclude>
    <ClInclude Include="..\SDK\include\ITimer.h">
      <Filter>Header Files\Interfaces</Filter>
    </ClInclude>
    <ClInclude Include="..\Sdk\include\ShaderConstants.h">
      <Filter>Header Files</Filter>
    </ClInclude>
    <ClInclude Include="..\Sdk\include\BaseMessages.h">
      <Filter>Header Files</Filter>
    </ClInclude>
    <ClInclude Include="..\Sdk\include\EEErrorCodes.hpp">
      <Filter>Header Files</Filter>
    </ClInclude>
    <ClInclude Include="..\Sdk\include\DLLVersion.h">
      <Filter>Header Files</Filter>
    </ClInclude>
    <ClInclude Include="..\Sdk\include\EEDefines.h">
      <Filter>Header Files</Filter>
    </ClInclude>
    <ClInclude Include="..\Sdk\include\Singleton.h">
      <Filter>Header Files</Filter>
    </ClInclude>
    <ClInclude Include="..\Sdk\include\Register.h">
      <Filter>Header Files</Filter>
    </ClInclude>
    <ClInclude Include="..\SDK\include\EnumHashStringMap.h">
      <Filter>Header Files</Filter>
    </ClInclude>
    <ClInclude Include="..\SDK\include\HelperFuncs.h">
      <Filter>Header Files</Filter>
    </ClInclude>
  </ItemGroup>
  <ItemGroup>
    <CustomBuildStep Include="stdafx.h">
      <Filter>Header Files</Filter>
    </CustomBuildStep>
  </ItemGroup>
</Project>