// !$*UTF8*$!
{
	archiveVersion = 1;
	classes = {
	};
	objectVersion = 46;
	objects = {

/* Begin PBXBuildFile section */
		8C6515EA178144240056F798 /* libElementalEngine3.dylib in CopyFiles */ = {isa = PBXBuildFile; fileRef = 8C46B267177F8170006FF2DB /* libElementalEngine3.dylib */; };
		8CB503121780ED91006F3E6F /* TestEERenderOSX.cpp in Sources */ = {isa = PBXBuildFile; fileRef = 8CB503111780ED91006F3E6F /* TestEERenderOSX.cpp */; };
		8CB503141780F8CF006F3E6F /* Carbon.framework in Frameworks */ = {isa = PBXBuildFile; fileRef = 8CB503131780F8CF006F3E6F /* Carbon.framework */; };
		8CB503161780F8D5006F3E6F /* AGL.framework in Frameworks */ = {isa = PBXBuildFile; fileRef = 8CB503151780F8D5006F3E6F /* AGL.framework */; };
		8CB50317178101AF006F3E6F /* libElementalEngine3.dylib in Frameworks */ = {isa = PBXBuildFile; fileRef = 8C46B267177F8170006FF2DB /* libElementalEngine3.dylib */; };
/* End PBXBuildFile section */

/* Begin PBXContainerItemProxy section */
		8C46B266177F8170006FF2DB /* PBXContainerItemProxy */ = {
			isa = PBXContainerItemProxy;
			containerPortal = 8C46B262177F8170006FF2DB /* ElementalEngine3.xcodeproj */;
			proxyType = 2;
			remoteGlobalIDString = 8C46B25B177F8147006FF2DB;
			remoteInfo = ElementalEngine3;
		};
		8CB5031A1781033B006F3E6F /* PBXContainerItemProxy */ = {
			isa = PBXContainerItemProxy;
			containerPortal = 8CC13B7A177F8305000C2A56 /* EESDK.xcodeproj */;
			proxyType = 1;
			remoteGlobalIDString = 8CA43832177E845C00E60641;
			remoteInfo = EESDK;
		};
		8CB5031C1781033B006F3E6F /* PBXContainerItemProxy */ = {
			isa = PBXContainerItemProxy;
			containerPortal = 8C46B262177F8170006FF2DB /* ElementalEngine3.xcodeproj */;
			proxyType = 1;
			remoteGlobalIDString = 8C46B25A177F8147006FF2DB;
			remoteInfo = ElementalEngine3;
		};
		8CC13B7E177F8306000C2A56 /* PBXContainerItemProxy */ = {
			isa = PBXContainerItemProxy;
			containerPortal = 8CC13B7A177F8305000C2A56 /* EESDK.xcodeproj */;
			proxyType = 2;
			remoteGlobalIDString = 8CA43833177E845C00E60641;
			remoteInfo = EESDK;
		};
/* End PBXContainerItemProxy section */

/* Begin PBXCopyFilesBuildPhase section */
		8CB503081780ED47006F3E6F /* CopyFiles */ = {
			isa = PBXCopyFilesBuildPhase;
			buildActionMask = 12;
			dstPath = "";
			dstSubfolderSpec = 16;
			files = (
				8C6515EA178144240056F798 /* libElementalEngine3.dylib in CopyFiles */,
			);
			runOnlyForDeploymentPostprocessing = 0;
		};
/* End PBXCopyFilesBuildPhase section */

/* Begin PBXFileReference section */
		8C46B262177F8170006FF2DB /* ElementalEngine3.xcodeproj */ = {isa = PBXFileReference; lastKnownFileType = "wrapper.pb-project"; name = ElementalEngine3.xcodeproj; path = ../ElementalEngine3.xcodeproj; sourceTree = "<group>"; };
		8CB5030A1780ED47006F3E6F /* TestEERender */ = {isa = PBXFileReference; explicitFileType = "compiled.mach-o.executable"; includeInIndex = 0; path = TestEERender; sourceTree = BUILT_PRODUCTS_DIR; };
		8CB503111780ED91006F3E6F /* TestEERenderOSX.cpp */ = {isa = PBXFileReference; fileEncoding = 4; lastKnownFileType = sourcecode.cpp.cpp; path = TestEERenderOSX.cpp; sourceTree = "<group>"; };
		8CB503131780F8CF006F3E6F /* Carbon.framework */ = {isa = PBXFileReference; lastKnownFileType = wrapper.framework; name = Carbon.framework; path = Platforms/MacOSX.platform/Developer/SDKs/MacOSX10.8.sdk/System/Library/Frameworks/Carbon.framework; sourceTree = DEVELOPER_DIR; };
		8CB503151780F8D5006F3E6F /* AGL.framework */ = {isa = PBXFileReference; lastKnownFileType = wrapper.framework; name = AGL.framework; path = Platforms/MacOSX.platform/Developer/SDKs/MacOSX10.8.sdk/System/Library/Frameworks/AGL.framework; sourceTree = DEVELOPER_DIR; };
		8CC13B7A177F8305000C2A56 /* EESDK.xcodeproj */ = {isa = PBXFileReference; lastKnownFileType = "wrapper.pb-project"; name = EESDK.xcodeproj; path = ../EESDK/EESDK.xcodeproj; sourceTree = "<group>"; };
/* End PBXFileReference section */

/* Begin PBXFrameworksBuildPhase section */
		8CB503071780ED47006F3E6F /* Frameworks */ = {
			isa = PBXFrameworksBuildPhase;
			buildActionMask = 2147483647;
			files = (
				8CB50317178101AF006F3E6F /* libElementalEngine3.dylib in Frameworks */,
				8CB503161780F8D5006F3E6F /* AGL.framework in Frameworks */,
				8CB503141780F8CF006F3E6F /* Carbon.framework in Frameworks */,
			);
			runOnlyForDeploymentPostprocessing = 0;
		};
/* End PBXFrameworksBuildPhase section */

/* Begin PBXGroup section */
		8C46B263177F8170006FF2DB /* Products */ = {
			isa = PBXGroup;
			children = (
				8C46B267177F8170006FF2DB /* libElementalEngine3.dylib */,
			);
			name = Products;
			sourceTree = "<group>";
		};
		8CA43823177E83F900E60641 = {
			isa = PBXGroup;
			children = (
				8CB503151780F8D5006F3E6F /* AGL.framework */,
				8CB503131780F8CF006F3E6F /* Carbon.framework */,
				8CB503101780ED68006F3E6F /* Header Files */,
				8CB5030F1780ED60006F3E6F /* Source Files */,
				8CC13B7A177F8305000C2A56 /* EESDK.xcodeproj */,
				8C46B262177F8170006FF2DB /* ElementalEngine3.xcodeproj */,
				8CB5030A1780ED47006F3E6F /* TestEERender */,
			);
			sourceTree = "<group>";
		};
		8CB5030F1780ED60006F3E6F /* Source Files */ = {
			isa = PBXGroup;
			children = (
				8CB503111780ED91006F3E6F /* TestEERenderOSX.cpp */,
			);
			name = "Source Files";
			sourceTree = "<group>";
		};
		8CB503101780ED68006F3E6F /* Header Files */ = {
			isa = PBXGroup;
			children = (
			);
			name = "Header Files";
			sourceTree = "<group>";
		};
		8CC13B7B177F8305000C2A56 /* Products */ = {
			isa = PBXGroup;
			children = (
				8CC13B7F177F8306000C2A56 /* libEESDK.a */,
			);
			name = Products;
			sourceTree = "<group>";
		};
/* End PBXGroup section */

/* Begin PBXNativeTarget section */
		8CB503091780ED47006F3E6F /* TestEERender */ = {
			isa = PBXNativeTarget;
			buildConfigurationList = 8CB5030C1780ED47006F3E6F /* Build configuration list for PBXNativeTarget "TestEERender" */;
			buildPhases = (
				8CB503061780ED47006F3E6F /* Sources */,
				8CB503071780ED47006F3E6F /* Frameworks */,
				8CB503081780ED47006F3E6F /* CopyFiles */,
				8C6515F717814C820056F798 /* ShellScript */,
			);
			buildRules = (
			);
			dependencies = (
				8CB5031B1781033B006F3E6F /* PBXTargetDependency */,
				8CB5031D1781033B006F3E6F /* PBXTargetDependency */,
			);
			name = TestEERender;
			productName = TestEERender;
			productReference = 8CB5030A1780ED47006F3E6F /* TestEERender */;
			productType = "com.apple.product-type.tool";
		};
/* End PBXNativeTarget section */

/* Begin PBXProject section */
		8CA43824177E83F900E60641 /* Project object */ = {
			isa = PBXProject;
			attributes = {
				LastUpgradeCheck = 0460;
			};
			buildConfigurationList = 8CA43827177E83F900E60641 /* Build configuration list for PBXProject "TestEERender" */;
			compatibilityVersion = "Xcode 3.2";
			developmentRegion = English;
			hasScannedForEncodings = 0;
			knownRegions = (
				en,
			);
			mainGroup = 8CA43823177E83F900E60641;
			productRefGroup = 8CA43823177E83F900E60641;
			projectDirPath = "";
			projectReferences = (
				{
					ProductGroup = 8CC13B7B177F8305000C2A56 /* Products */;
					ProjectRef = 8CC13B7A177F8305000C2A56 /* EESDK.xcodeproj */;
				},
				{
					ProductGroup = 8C46B263177F8170006FF2DB /* Products */;
					ProjectRef = 8C46B262177F8170006FF2DB /* ElementalEngine3.xcodeproj */;
				},
			);
			projectRoot = "";
			targets = (
				8CB503091780ED47006F3E6F /* TestEERender */,
			);
		};
/* End PBXProject section */

/* Begin PBXReferenceProxy section */
		8C46B267177F8170006FF2DB /* libElementalEngine3.dylib */ = {
			isa = PBXReferenceProxy;
			fileType = "compiled.mach-o.dylib";
			path = libElementalEngine3.dylib;
			remoteRef = 8C46B266177F8170006FF2DB /* PBXContainerItemProxy */;
			sourceTree = BUILT_PRODUCTS_DIR;
		};
		8CC13B7F177F8306000C2A56 /* libEESDK.a */ = {
			isa = PBXReferenceProxy;
			fileType = archive.ar;
			path = libEESDK.a;
			remoteRef = 8CC13B7E177F8306000C2A56 /* PBXContainerItemProxy */;
			sourceTree = BUILT_PRODUCTS_DIR;
		};
/* End PBXReferenceProxy section */

/* Begin PBXShellScriptBuildPhase section */
		8C6515F717814C820056F798 /* ShellScript */ = {
			isa = PBXShellScriptBuildPhase;
			buildActionMask = 12;
			files = (
			);
			inputPaths = (
				"$(SRCROOT)/../../ThirdParty/LibXML++/lib/osx32/$(CONFIGURATION)/LibXML++.dylib",
			);
			outputPaths = (
				"$(BUILT_PRODUCTS_DIR)/LibXML++.dylib",
			);
			runOnlyForDeploymentPostprocessing = 0;
			shellPath = /bin/sh;
			shellScript = "cp ${SCRIPT_INPUT_FILE_0} ${BUILT_PRODUCTS_DIR}";
		};
/* End PBXShellScriptBuildPhase section */

/* Begin PBXSourcesBuildPhase section */
		8CB503061780ED47006F3E6F /* Sources */ = {
			isa = PBXSourcesBuildPhase;
			buildActionMask = 2147483647;
			files = (
				8CB503121780ED91006F3E6F /* TestEERenderOSX.cpp in Sources */,
			);
			runOnlyForDeploymentPostprocessing = 0;
		};
/* End PBXSourcesBuildPhase section */

/* Begin PBXTargetDependency section */
		8CB5031B1781033B006F3E6F /* PBXTargetDependency */ = {
			isa = PBXTargetDependency;
			name = EESDK;
			targetProxy = 8CB5031A1781033B006F3E6F /* PBXContainerItemProxy */;
		};
		8CB5031D1781033B006F3E6F /* PBXTargetDependency */ = {
			isa = PBXTargetDependency;
			name = ElementalEngine3;
			targetProxy = 8CB5031C1781033B006F3E6F /* PBXContainerItemProxy */;
		};
/* End PBXTargetDependency section */

/* Begin XCBuildConfiguration section */
		8CA43828177E83F900E60641 /* Debug */ = {
			isa = XCBuildConfiguration;
			buildSettings = {
				ARCHS = "$(ARCHS_STANDARD_32_BIT)";
				OBJROOT = build;
				ONLY_ACTIVE_ARCH = YES;
				SYMROOT = Bin/OSX32;
				USER_HEADER_SEARCH_PATHS = "../EESDK/include ../EESDK/include/OSX";
			};
			name = Debug;
		};
		8CA43829177E83F900E60641 /* Release */ = {
			isa = XCBuildConfiguration;
			buildSettings = {
				ARCHS = "$(ARCHS_STANDARD_32_BIT)";
				OBJROOT = build;
				ONLY_ACTIVE_ARCH = YES;
				SYMROOT = Bin/OSX32;
				USER_HEADER_SEARCH_PATHS = "../EESDK/include ../EESDK/include/OSX";
			};
			name = Release;
		};
		8CB5030D1780ED47006F3E6F /* Debug */ = {
			isa = XCBuildConfiguration;
			buildSettings = {
				ALWAYS_SEARCH_USER_PATHS = NO;
				ARCHS = "$(ARCHS_STANDARD_32_BIT)";
				CLANG_CXX_LANGUAGE_STANDARD = "gnu++98";
				CLANG_CXX_LIBRARY = "libstdc++";
				CLANG_WARN_CONSTANT_CONVERSION = YES;
				CLANG_WARN_EMPTY_BODY = YES;
				CLANG_WARN_ENUM_CONVERSION = YES;
				CLANG_WARN_INT_CONVERSION = YES;
				CLANG_WARN__DUPLICATE_METHOD_MATCH = YES;
				COPY_PHASE_STRIP = NO;
				GCC_C_LANGUAGE_STANDARD = gnu99;
				GCC_DYNAMIC_NO_PIC = NO;
				GCC_ENABLE_OBJC_EXCEPTIONS = YES;
				GCC_OPTIMIZATION_LEVEL = 0;
				GCC_PREPROCESSOR_DEFINITIONS = (
					"DEBUG=1",
					"$(inherited)",
				);
				GCC_SYMBOLS_PRIVATE_EXTERN = NO;
				GCC_WARN_64_TO_32_BIT_CONVERSION = YES;
				GCC_WARN_ABOUT_RETURN_TYPE = YES;
				GCC_WARN_UNINITIALIZED_AUTOS = YES;
				GCC_WARN_UNUSED_VARIABLE = YES;
				LIBRARY_SEARCH_PATHS = (
					"$(inherited)",
					"\"$(SRCROOT)/../../ThirdParty/LibXML++/lib/OSX32/Debug\"",
					"\"$(SRCROOT)/../../ThirdParty/LibXML++/lib/OSX32/Release\"",
				);
				MACOSX_DEPLOYMENT_TARGET = 10.8;
				OBJROOT = build;
				ONLY_ACTIVE_ARCH = YES;
				PRODUCT_NAME = "$(TARGET_NAME)";
				SDKROOT = macosx;
				SYMROOT = Bin/OSX32;
				VALID_ARCHS = i386;
			};
			name = Debug;
		};
		8CB5030E1780ED47006F3E6F /* Release */ = {
			isa = XCBuildConfiguration;
			buildSettings = {
				ALWAYS_SEARCH_USER_PATHS = NO;
				ARCHS = "$(ARCHS_STANDARD_32_BIT)";
				CLANG_CXX_LANGUAGE_STANDARD = "gnu++98";
				CLANG_CXX_LIBRARY = "libstdc++";
				CLANG_WARN_CONSTANT_CONVERSION = YES;
				CLANG_WARN_EMPTY_BODY = YES;
				CLANG_WARN_ENUM_CONVERSION = YES;
				CLANG_WARN_INT_CONVERSION = YES;
				CLANG_WARN__DUPLICATE_METHOD_MATCH = YES;
				COPY_PHASE_STRIP = YES;
				DEBUG_INFORMATION_FORMAT = "dwarf-with-dsym";
				GCC_C_LANGUAGE_STANDARD = gnu99;
				GCC_ENABLE_OBJC_EXCEPTIONS = YES;
				GCC_WARN_64_TO_32_BIT_CONVERSION = YES;
				GCC_WARN_ABOUT_RETURN_TYPE = YES;
				GCC_WARN_UNINITIALIZED_AUTOS = YES;
				GCC_WARN_UNUSED_VARIABLE = YES;
				LIBRARY_SEARCH_PATHS = (
					"$(inherited)",
					"\"$(SRCROOT)/../../ThirdParty/LibXML++/lib/OSX32/Debug\"",
					"\"$(SRCROOT)/../../ThirdParty/LibXML++/lib/OSX32/Release\"",
				);
				MACOSX_DEPLOYMENT_TARGET = 10.8;
				OBJROOT = build;
				ONLY_ACTIVE_ARCH = YES;
				PRODUCT_NAME = "$(TARGET_NAME)";
				SDKROOT = macosx;
				SYMROOT = Bin/OSX32;
				VALID_ARCHS = i386;
			};
			name = Release;
		};
/* End XCBuildConfiguration section */

/* Begin XCConfigurationList section */
		8CA43827177E83F900E60641 /* Build configuration list for PBXProject "TestEERender" */ = {
			isa = XCConfigurationList;
			buildConfigurations = (
				8CA43828177E83F900E60641 /* Debug */,
				8CA43829177E83F900E60641 /* Release */,
			);
			defaultConfigurationIsVisible = 0;
			defaultConfigurationName = Release;
		};
		8CB5030C1780ED47006F3E6F /* Build configuration list for PBXNativeTarget "TestEERender" */ = {
			isa = XCConfigurationList;
			buildConfigurations = (
				8CB5030D1780ED47006F3E6F /* Debug */,
				8CB5030E1780ED47006F3E6F /* Release */,
			);
			defaultConfigurationIsVisible = 0;
			defaultConfigurationName = Release;
		};
/* End XCConfigurationList section */
	};
	rootObject = 8CA43824177E83F900E60641 /* Project object */;
}
