// !$*UTF8*$!
{
	archiveVersion = 1;
	classes = {
	};
	objectVersion = 46;
	objects = {

/* Begin PBXBuildFile section */
		8C0282151788B00900A07848 /* CoreFoundation.framework in Frameworks */ = {isa = PBXBuildFile; fileRef = 8C0282141788B00900A07848 /* CoreFoundation.framework */; };
		8C0282171788B11300A07848 /* Cocoa.framework in Frameworks */ = {isa = PBXBuildFile; fileRef = 8C0282161788B11300A07848 /* Cocoa.framework */; };
		8C0282191788B12D00A07848 /* OpenGL.framework in Frameworks */ = {isa = PBXBuildFile; fileRef = 8C0282181788B12D00A07848 /* OpenGL.framework */; };
		8C02821E1788B20600A07848 /* IOKit.framework in Frameworks */ = {isa = PBXBuildFile; fileRef = 8C02821C1788B1CB00A07848 /* IOKit.framework */; };
		8C236E9F178615FE008EA1C7 /* GLRenderer.dlo in CopyFiles */ = {isa = PBXBuildFile; fileRef = 8C236E411785F6B5008EA1C7 /* GLRenderer.dlo */; };
		8C6515EA178144240056F798 /* libElementalEngine3.dylib in CopyFiles */ = {isa = PBXBuildFile; fileRef = 8C46B267177F8170006FF2DB /* libElementalEngine3.dylib */; };
		8CAA94211789E61400ECE2F8 /* TextureLoader.dls in CopyFiles */ = {isa = PBXBuildFile; fileRef = 8CAA94061789D73F00ECE2F8 /* TextureLoader.dls */; };
		8CAA94231789E81700ECE2F8 /* LoadSaveManager.dlo in CopyFiles */ = {isa = PBXBuildFile; fileRef = 8CAA93CE1789296F00ECE2F8 /* LoadSaveManager.dlo */; };
		8CB503121780ED91006F3E6F /* TestEERenderOSX.cpp in Sources */ = {isa = PBXBuildFile; fileRef = 8CB503111780ED91006F3E6F /* TestEERenderOSX.cpp */; };
		8CB50317178101AF006F3E6F /* libElementalEngine3.dylib in Frameworks */ = {isa = PBXBuildFile; fileRef = 8C46B267177F8170006FF2DB /* libElementalEngine3.dylib */; };
		8CCCC5901787EA0C003C29B8 /* libEESDK.a in Frameworks */ = {isa = PBXBuildFile; fileRef = 8CC13B7F177F8306000C2A56 /* libEESDK.a */; };
/* End PBXBuildFile section */

/* Begin PBXContainerItemProxy section */
		8C236E401785F6B5008EA1C7 /* PBXContainerItemProxy */ = {
			isa = PBXContainerItemProxy;
			containerPortal = 8C236E3C1785F6B4008EA1C7 /* GLRenderer.xcodeproj */;
			proxyType = 2;
			remoteGlobalIDString = 8C236E351785F6B4008EA1C7;
			remoteInfo = GLRenderer;
		};
		8C236E9817861435008EA1C7 /* PBXContainerItemProxy */ = {
			isa = PBXContainerItemProxy;
			containerPortal = 8C236E3C1785F6B4008EA1C7 /* GLRenderer.xcodeproj */;
			proxyType = 1;
			remoteGlobalIDString = 8C236E341785F6B4008EA1C7;
			remoteInfo = GLRenderer;
		};
		8C46B266177F8170006FF2DB /* PBXContainerItemProxy */ = {
			isa = PBXContainerItemProxy;
			containerPortal = 8C46B262177F8170006FF2DB /* ElementalEngine3.xcodeproj */;
			proxyType = 2;
			remoteGlobalIDString = 8C46B25B177F8147006FF2DB;
			remoteInfo = ElementalEngine3;
		};
		8CAA93CD1789296F00ECE2F8 /* PBXContainerItemProxy */ = {
			isa = PBXContainerItemProxy;
			containerPortal = 8CAA93C91789296F00ECE2F8 /* LoadSaveManager.xcodeproj */;
			proxyType = 2;
			remoteGlobalIDString = 8CAA93C2178928E400ECE2F8;
			remoteInfo = LoadSaveManager;
		};
		8CAA94051789D73F00ECE2F8 /* PBXContainerItemProxy */ = {
			isa = PBXContainerItemProxy;
			containerPortal = 8CAA94001789D73E00ECE2F8 /* TextureLoader.xcodeproj */;
			proxyType = 2;
			remoteGlobalIDString = 8CAA93F91789D73D00ECE2F8;
			remoteInfo = TextureLoader;
		};
		8CAA94241789E84400ECE2F8 /* PBXContainerItemProxy */ = {
			isa = PBXContainerItemProxy;
			containerPortal = 8CAA93C91789296F00ECE2F8 /* LoadSaveManager.xcodeproj */;
			proxyType = 1;
			remoteGlobalIDString = 8CAA93C1178928E400ECE2F8;
			remoteInfo = LoadSaveManager;
		};
		8CAA94261789E84400ECE2F8 /* PBXContainerItemProxy */ = {
			isa = PBXContainerItemProxy;
			containerPortal = 8CAA94001789D73E00ECE2F8 /* TextureLoader.xcodeproj */;
			proxyType = 1;
			remoteGlobalIDString = 8CAA93F81789D73D00ECE2F8;
			remoteInfo = TextureLoader;
		};
		8CB5031A1781033B006F3E6F /* PBXContainerItemProxy */ = {
			isa = PBXContainerItemProxy;
			containerPortal = 8CC13B7A177F8305000C2A56 /* EESDK.xcodeproj */;
			proxyType = 1;
			remoteGlobalIDString = 8CA43832177E845C00E60641;
			remoteInfo = EESDK;
		};
		8CB5031C1781033B006F3E6F /* PBXContainerItemProxy */ = {
			isa = PBXContainerItemProxy;
			containerPortal = 8C46B262177F8170006FF2DB /* ElementalEngine3.xcodeproj */;
			proxyType = 1;
			remoteGlobalIDString = 8C46B25A177F8147006FF2DB;
			remoteInfo = ElementalEngine3;
		};
		8CC13B7E177F8306000C2A56 /* PBXContainerItemProxy */ = {
			isa = PBXContainerItemProxy;
			containerPortal = 8CC13B7A177F8305000C2A56 /* EESDK.xcodeproj */;
			proxyType = 2;
			remoteGlobalIDString = 8CA43833177E845C00E60641;
			remoteInfo = EESDK;
		};
/* End PBXContainerItemProxy section */

/* Begin PBXCopyFilesBuildPhase section */
		8C236E9E178615D9008EA1C7 /* CopyFiles */ = {
			isa = PBXCopyFilesBuildPhase;
			buildActionMask = 2147483647;
			dstPath = Plugins;
			dstSubfolderSpec = 16;
			files = (
				8CAA94231789E81700ECE2F8 /* LoadSaveManager.dlo in CopyFiles */,
				8CAA94211789E61400ECE2F8 /* TextureLoader.dls in CopyFiles */,
				8C236E9F178615FE008EA1C7 /* GLRenderer.dlo in CopyFiles */,
			);
			runOnlyForDeploymentPostprocessing = 0;
		};
		8CB503081780ED47006F3E6F /* CopyFiles */ = {
			isa = PBXCopyFilesBuildPhase;
			buildActionMask = 12;
			dstPath = "";
			dstSubfolderSpec = 16;
			files = (
				8C6515EA178144240056F798 /* libElementalEngine3.dylib in CopyFiles */,
			);
			runOnlyForDeploymentPostprocessing = 0;
		};
/* End PBXCopyFilesBuildPhase section */

/* Begin PBXFileReference section */
		8C0282141788B00900A07848 /* CoreFoundation.framework */ = {isa = PBXFileReference; lastKnownFileType = wrapper.framework; name = CoreFoundation.framework; path = Platforms/MacOSX.platform/Developer/SDKs/MacOSX10.8.sdk/System/Library/Frameworks/CoreFoundation.framework; sourceTree = DEVELOPER_DIR; };
		8C0282161788B11300A07848 /* Cocoa.framework */ = {isa = PBXFileReference; lastKnownFileType = wrapper.framework; name = Cocoa.framework; path = Platforms/MacOSX.platform/Developer/SDKs/MacOSX10.8.sdk/System/Library/Frameworks/Cocoa.framework; sourceTree = DEVELOPER_DIR; };
		8C0282181788B12D00A07848 /* OpenGL.framework */ = {isa = PBXFileReference; lastKnownFileType = wrapper.framework; name = OpenGL.framework; path = Platforms/MacOSX.platform/Developer/SDKs/MacOSX10.8.sdk/System/Library/Frameworks/OpenGL.framework; sourceTree = DEVELOPER_DIR; };
		8C02821A1788B15C00A07848 /* CoreServices.framework */ = {isa = PBXFileReference; lastKnownFileType = wrapper.framework; name = CoreServices.framework; path = Platforms/MacOSX.platform/Developer/SDKs/MacOSX10.8.sdk/System/Library/Frameworks/CoreServices.framework; sourceTree = DEVELOPER_DIR; };
		8C02821C1788B1CB00A07848 /* IOKit.framework */ = {isa = PBXFileReference; lastKnownFileType = wrapper.framework; name = IOKit.framework; path = Platforms/MacOSX.platform/Developer/SDKs/MacOSX10.8.sdk/System/Library/Frameworks/IOKit.framework; sourceTree = DEVELOPER_DIR; };
		8C236E3C1785F6B4008EA1C7 /* GLRenderer.xcodeproj */ = {isa = PBXFileReference; lastKnownFileType = "wrapper.pb-project"; name = GLRenderer.xcodeproj; path = ../Plugins2/Engine/GLRenderer/GLRenderer.xcodeproj; sourceTree = "<group>"; };
		8C46B262177F8170006FF2DB /* ElementalEngine3.xcodeproj */ = {isa = PBXFileReference; lastKnownFileType = "wrapper.pb-project"; name = ElementalEngine3.xcodeproj; path = ../ElementalEngine3.xcodeproj; sourceTree = "<group>"; };
		8CAA93C91789296F00ECE2F8 /* LoadSaveManager.xcodeproj */ = {isa = PBXFileReference; lastKnownFileType = "wrapper.pb-project"; name = LoadSaveManager.xcodeproj; path = ../Plugins2/Engine/LoadSaveManager/LoadSaveManager.xcodeproj; sourceTree = "<group>"; };
		8CAA94001789D73E00ECE2F8 /* TextureLoader.xcodeproj */ = {isa = PBXFileReference; lastKnownFileType = "wrapper.pb-project"; name = TextureLoader.xcodeproj; path = ../Plugins2/LoadSavers/TextureLoader/TextureLoader.xcodeproj; sourceTree = "<group>"; };
		8CB5030A1780ED47006F3E6F /* TestEERender */ = {isa = PBXFileReference; explicitFileType = "compiled.mach-o.executable"; includeInIndex = 0; path = TestEERender; sourceTree = BUILT_PRODUCTS_DIR; };
		8CB503111780ED91006F3E6F /* TestEERenderOSX.cpp */ = {isa = PBXFileReference; fileEncoding = 4; lastKnownFileType = sourcecode.cpp.cpp; path = TestEERenderOSX.cpp; sourceTree = "<group>"; };
		8CB503131780F8CF006F3E6F /* Carbon.framework */ = {isa = PBXFileReference; lastKnownFileType = wrapper.framework; name = Carbon.framework; path = Platforms/MacOSX.platform/Developer/SDKs/MacOSX10.8.sdk/System/Library/Frameworks/Carbon.framework; sourceTree = DEVELOPER_DIR; };
		8CB503151780F8D5006F3E6F /* AGL.framework */ = {isa = PBXFileReference; lastKnownFileType = wrapper.framework; name = AGL.framework; path = Platforms/MacOSX.platform/Developer/SDKs/MacOSX10.8.sdk/System/Library/Frameworks/AGL.framework; sourceTree = DEVELOPER_DIR; };
		8CC13B7A177F8305000C2A56 /* EESDK.xcodeproj */ = {isa = PBXFileReference; lastKnownFileType = "wrapper.pb-project"; name = EESDK.xcodeproj; path = ../EESDK/EESDK.xcodeproj; sourceTree = "<group>"; };
/* End PBXFileReference section */

/* Begin PBXFrameworksBuildPhase section */
		8CB503071780ED47006F3E6F /* Frameworks */ = {
			isa = PBXFrameworksBuildPhase;
			buildActionMask = 2147483647;
			files = (
				8C02821E1788B20600A07848 /* IOKit.framework in Frameworks */,
				8C0282191788B12D00A07848 /* OpenGL.framework in Frameworks */,
				8C0282171788B11300A07848 /* Cocoa.framework in Frameworks */,
				8C0282151788B00900A07848 /* CoreFoundation.framework in Frameworks */,
				8CCCC5901787EA0C003C29B8 /* libEESDK.a in Frameworks */,
				8CB50317178101AF006F3E6F /* libElementalEngine3.dylib in Frameworks */,
			);
			runOnlyForDeploymentPostprocessing = 0;
		};
/* End PBXFrameworksBuildPhase section */

/* Begin PBXGroup section */
		8C236E3D1785F6B4008EA1C7 /* Products */ = {
			isa = PBXGroup;
			children = (
				8C236E411785F6B5008EA1C7 /* GLRenderer.dlo */,
			);
			name = Products;
			sourceTree = "<group>";
		};
		8C46B263177F8170006FF2DB /* Products */ = {
			isa = PBXGroup;
			children = (
				8C46B267177F8170006FF2DB /* libElementalEngine3.dylib */,
			);
			name = Products;
			sourceTree = "<group>";
		};
		8CA43823177E83F900E60641 = {
			isa = PBXGroup;
			children = (
				8CAA94001789D73E00ECE2F8 /* TextureLoader.xcodeproj */,
				8CAA93C91789296F00ECE2F8 /* LoadSaveManager.xcodeproj */,
				8C02821C1788B1CB00A07848 /* IOKit.framework */,
				8C02821A1788B15C00A07848 /* CoreServices.framework */,
				8C0282181788B12D00A07848 /* OpenGL.framework */,
				8C0282161788B11300A07848 /* Cocoa.framework */,
				8C0282141788B00900A07848 /* CoreFoundation.framework */,
				8C236E3C1785F6B4008EA1C7 /* GLRenderer.xcodeproj */,
				8CB503151780F8D5006F3E6F /* AGL.framework */,
				8CB503131780F8CF006F3E6F /* Carbon.framework */,
				8CB503101780ED68006F3E6F /* Header Files */,
				8CB5030F1780ED60006F3E6F /* Source Files */,
				8CC13B7A177F8305000C2A56 /* EESDK.xcodeproj */,
				8C46B262177F8170006FF2DB /* ElementalEngine3.xcodeproj */,
				8CB5030A1780ED47006F3E6F /* TestEERender */,
			);
			sourceTree = "<group>";
		};
		8CAA93CA1789296F00ECE2F8 /* Products */ = {
			isa = PBXGroup;
			children = (
				8CAA93CE1789296F00ECE2F8 /* LoadSaveManager.dlo */,
			);
			name = Products;
			sourceTree = "<group>";
		};
		8CAA94011789D73E00ECE2F8 /* Products */ = {
			isa = PBXGroup;
			children = (
				8CAA94061789D73F00ECE2F8 /* TextureLoader.dls */,
			);
			name = Products;
			sourceTree = "<group>";
		};
		8CB5030F1780ED60006F3E6F /* Source Files */ = {
			isa = PBXGroup;
			children = (
				8CB503111780ED91006F3E6F /* TestEERenderOSX.cpp */,
			);
			name = "Source Files";
			sourceTree = "<group>";
		};
		8CB503101780ED68006F3E6F /* Header Files */ = {
			isa = PBXGroup;
			children = (
			);
			name = "Header Files";
			sourceTree = "<group>";
		};
		8CC13B7B177F8305000C2A56 /* Products */ = {
			isa = PBXGroup;
			children = (
				8CC13B7F177F8306000C2A56 /* libEESDK.a */,
			);
			name = Products;
			sourceTree = "<group>";
		};
/* End PBXGroup section */

/* Begin PBXNativeTarget section */
		8CB503091780ED47006F3E6F /* TestEERender */ = {
			isa = PBXNativeTarget;
			buildConfigurationList = 8CB5030C1780ED47006F3E6F /* Build configuration list for PBXNativeTarget "TestEERender" */;
			buildPhases = (
				8CB503061780ED47006F3E6F /* Sources */,
				8CB503071780ED47006F3E6F /* Frameworks */,
				8CB503081780ED47006F3E6F /* CopyFiles */,
				8C6515F717814C820056F798 /* ShellScript */,
				8C236E9E178615D9008EA1C7 /* CopyFiles */,
			);
			buildRules = (
			);
			dependencies = (
				8CAA94251789E84400ECE2F8 /* PBXTargetDependency */,
				8CAA94271789E84400ECE2F8 /* PBXTargetDependency */,
				8C236E9917861435008EA1C7 /* PBXTargetDependency */,
				8CB5031B1781033B006F3E6F /* PBXTargetDependency */,
				8CB5031D1781033B006F3E6F /* PBXTargetDependency */,
			);
			name = TestEERender;
			productName = TestEERender;
			productReference = 8CB5030A1780ED47006F3E6F /* TestEERender */;
			productType = "com.apple.product-type.tool";
		};
/* End PBXNativeTarget section */

/* Begin PBXProject section */
		8CA43824177E83F900E60641 /* Project object */ = {
			isa = PBXProject;
			attributes = {
				LastUpgradeCheck = 0460;
			};
			buildConfigurationList = 8CA43827177E83F900E60641 /* Build configuration list for PBXProject "TestEERender" */;
			compatibilityVersion = "Xcode 3.2";
			developmentRegion = English;
			hasScannedForEncodings = 0;
			knownRegions = (
				en,
			);
			mainGroup = 8CA43823177E83F900E60641;
			productRefGroup = 8CA43823177E83F900E60641;
			projectDirPath = "";
			projectReferences = (
				{
					ProductGroup = 8CC13B7B177F8305000C2A56 /* Products */;
					ProjectRef = 8CC13B7A177F8305000C2A56 /* EESDK.xcodeproj */;
				},
				{
					ProductGroup = 8C46B263177F8170006FF2DB /* Products */;
					ProjectRef = 8C46B262177F8170006FF2DB /* ElementalEngine3.xcodeproj */;
				},
				{
					ProductGroup = 8C236E3D1785F6B4008EA1C7 /* Products */;
					ProjectRef = 8C236E3C1785F6B4008EA1C7 /* GLRenderer.xcodeproj */;
				},
				{
					ProductGroup = 8CAA93CA1789296F00ECE2F8 /* Products */;
					ProjectRef = 8CAA93C91789296F00ECE2F8 /* LoadSaveManager.xcodeproj */;
				},
				{
					ProductGroup = 8CAA94011789D73E00ECE2F8 /* Products */;
					ProjectRef = 8CAA94001789D73E00ECE2F8 /* TextureLoader.xcodeproj */;
				},
			);
			projectRoot = "";
			targets = (
				8CB503091780ED47006F3E6F /* TestEERender */,
			);
		};
/* End PBXProject section */

/* Begin PBXReferenceProxy section */
		8C236E411785F6B5008EA1C7 /* GLRenderer.dlo */ = {
			isa = PBXReferenceProxy;
			fileType = "compiled.mach-o.dylib";
			path = GLRenderer.dlo;
			remoteRef = 8C236E401785F6B5008EA1C7 /* PBXContainerItemProxy */;
			sourceTree = BUILT_PRODUCTS_DIR;
		};
		8C46B267177F8170006FF2DB /* libElementalEngine3.dylib */ = {
			isa = PBXReferenceProxy;
			fileType = "compiled.mach-o.dylib";
			path = libElementalEngine3.dylib;
			remoteRef = 8C46B266177F8170006FF2DB /* PBXContainerItemProxy */;
			sourceTree = BUILT_PRODUCTS_DIR;
		};
		8CAA93CE1789296F00ECE2F8 /* LoadSaveManager.dlo */ = {
			isa = PBXReferenceProxy;
			fileType = "compiled.mach-o.dylib";
			path = LoadSaveManager.dlo;
			remoteRef = 8CAA93CD1789296F00ECE2F8 /* PBXContainerItemProxy */;
			sourceTree = BUILT_PRODUCTS_DIR;
		};
		8CAA94061789D73F00ECE2F8 /* TextureLoader.dls */ = {
			isa = PBXReferenceProxy;
			fileType = "compiled.mach-o.dylib";
			path = TextureLoader.dls;
			remoteRef = 8CAA94051789D73F00ECE2F8 /* PBXContainerItemProxy */;
			sourceTree = BUILT_PRODUCTS_DIR;
		};
		8CC13B7F177F8306000C2A56 /* libEESDK.a */ = {
			isa = PBXReferenceProxy;
			fileType = archive.ar;
			path = libEESDK.a;
			remoteRef = 8CC13B7E177F8306000C2A56 /* PBXContainerItemProxy */;
			sourceTree = BUILT_PRODUCTS_DIR;
		};
/* End PBXReferenceProxy section */

/* Begin PBXShellScriptBuildPhase section */
		8C6515F717814C820056F798 /* ShellScript */ = {
			isa = PBXShellScriptBuildPhase;
			buildActionMask = 12;
			files = (
			);
			inputPaths = (
				"$(SRCROOT)/../../ThirdParty/LibXML++/lib/OSX/$(CONFIGURATION)/LibXML++.dylib",
				"$(SRCROOT)/../../ThirdParty/DevIL/lib/OSX/$(CONFIGURATION)/DevIL.dylib",
				"$(SRCROOT)/../../ThirdParty/DevIL/lib/OSX/$(CONFIGURATION)/ILU.dylib",
				"$(SRCROOT)/Forest_grass.dds",
			);
			outputPaths = (
				"$(BUILT_PRODUCTS_DIR)/LibXML++.dylib",
				"$(BUILT_PRODUCTS_DIR)/DevIL.dylib",
				"$(BUILT_PRODUCTS_DIR)/ILU.dylib",
				"$(BUILT_PRODUCTS_DIR)/Textures/Forest_grass.dds",
			);
			runOnlyForDeploymentPostprocessing = 0;
			shellPath = /bin/sh;
			shellScript = "for ((i=0; i < SCRIPT_INPUT_FILE_COUNT ; i++))\ndo\n# XCode doesn't provide the input files as an array.  This ugly eval thing gets the value of the\n# indexed file by creating a new bash variable, eg. SCRIPT_INPUT_FILE_0 and evaluating it.\ninputFile=`eval echo '$SCRIPT_INPUT_FILE_'$i`\noutputFile=`eval echo '$SCRIPT_OUTPUT_FILE_'$i`\n\n    # \"-nt\" means \"newer than.\"  This seems to work even if outputFile doesn't exist.\n    if [ $inputFile -nt $outputFile ]; then\n        echo \"copying $inputFile to $outputFile.\"\n        cp \"${inputFile}\" \"${outputFile}\"\n    fi\ndone";
		};
/* End PBXShellScriptBuildPhase section */

/* Begin PBXSourcesBuildPhase section */
		8CB503061780ED47006F3E6F /* Sources */ = {
			isa = PBXSourcesBuildPhase;
			buildActionMask = 2147483647;
			files = (
				8CB503121780ED91006F3E6F /* TestEERenderOSX.cpp in Sources */,
			);
			runOnlyForDeploymentPostprocessing = 0;
		};
/* End PBXSourcesBuildPhase section */

/* Begin PBXTargetDependency section */
		8C236E9917861435008EA1C7 /* PBXTargetDependency */ = {
			isa = PBXTargetDependency;
			name = GLRenderer;
			targetProxy = 8C236E9817861435008EA1C7 /* PBXContainerItemProxy */;
		};
		8CAA94251789E84400ECE2F8 /* PBXTargetDependency */ = {
			isa = PBXTargetDependency;
			name = LoadSaveManager;
			targetProxy = 8CAA94241789E84400ECE2F8 /* PBXContainerItemProxy */;
		};
		8CAA94271789E84400ECE2F8 /* PBXTargetDependency */ = {
			isa = PBXTargetDependency;
			name = TextureLoader;
			targetProxy = 8CAA94261789E84400ECE2F8 /* PBXContainerItemProxy */;
		};
		8CB5031B1781033B006F3E6F /* PBXTargetDependency */ = {
			isa = PBXTargetDependency;
			name = EESDK;
			targetProxy = 8CB5031A1781033B006F3E6F /* PBXContainerItemProxy */;
		};
		8CB5031D1781033B006F3E6F /* PBXTargetDependency */ = {
			isa = PBXTargetDependency;
			name = ElementalEngine3;
			targetProxy = 8CB5031C1781033B006F3E6F /* PBXContainerItemProxy */;
		};
/* End PBXTargetDependency section */

/* Begin XCBuildConfiguration section */
		8CA43828177E83F900E60641 /* Debug */ = {
			isa = XCBuildConfiguration;
			buildSettings = {
				ARCHS = "$(ARCHS_STANDARD_32_BIT)";
				OBJROOT = build;
				ONLY_ACTIVE_ARCH = YES;
				SYMROOT = Bin/OSX32;
				USER_HEADER_SEARCH_PATHS = "../EESDK/include ../EESDK/include/OSX ../../ThirdParty/GLFW/include";
			};
			name = Debug;
		};
		8CA43829177E83F900E60641 /* Release */ = {
			isa = XCBuildConfiguration;
			buildSettings = {
				ARCHS = "$(ARCHS_STANDARD_32_BIT)";
				OBJROOT = build;
				ONLY_ACTIVE_ARCH = YES;
				SYMROOT = Bin/OSX32;
				USER_HEADER_SEARCH_PATHS = "../EESDK/include ../EESDK/include/OSX ../../ThirdParty/GLFW/include";
			};
			name = Release;
		};
		8CB5030D1780ED47006F3E6F /* Debug */ = {
			isa = XCBuildConfiguration;
			buildSettings = {
				ALWAYS_SEARCH_USER_PATHS = NO;
				ARCHS = "$(ARCHS_STANDARD_32_64_BIT)";
				CLANG_CXX_LANGUAGE_STANDARD = "gnu++98";
				CLANG_CXX_LIBRARY = "libstdc++";
				CLANG_WARN_CONSTANT_CONVERSION = YES;
				CLANG_WARN_EMPTY_BODY = YES;
				CLANG_WARN_ENUM_CONVERSION = YES;
				CLANG_WARN_INT_CONVERSION = YES;
				CLANG_WARN__DUPLICATE_METHOD_MATCH = YES;
				COPY_PHASE_STRIP = NO;
				GCC_C_LANGUAGE_STANDARD = gnu99;
				GCC_DYNAMIC_NO_PIC = NO;
				GCC_ENABLE_OBJC_EXCEPTIONS = YES;
				GCC_OPTIMIZATION_LEVEL = 0;
				GCC_PREPROCESSOR_DEFINITIONS = (
					"DEBUG=1",
					"$(inherited)",
				);
				GCC_SYMBOLS_PRIVATE_EXTERN = NO;
				GCC_WARN_64_TO_32_BIT_CONVERSION = YES;
				GCC_WARN_ABOUT_RETURN_TYPE = YES;
				GCC_WARN_UNINITIALIZED_AUTOS = YES;
				GCC_WARN_UNUSED_VARIABLE = YES;
				HEADER_SEARCH_PATHS = "";
				LIBRARY_SEARCH_PATHS = (
					"$(inherited)",
					"\"../../ThirdParty/LibXML++/lib/OSX/$(CONFIGURATION)\"",
					"../../ThirdParty/GLFW/Lib/OSX/$(CONFIGURATION)",
				);
				MACOSX_DEPLOYMENT_TARGET = 10.8;
				OBJROOT = build;
				ONLY_ACTIVE_ARCH = NO;
				OTHER_LDFLAGS = "-lglfw3";
				PRODUCT_NAME = "$(TARGET_NAME)";
				SDKROOT = macosx;
				SYMROOT = Bin/OSX;
				VALID_ARCHS = "i386 X86_64";
			};
			name = Debug;
		};
		8CB5030E1780ED47006F3E6F /* Release */ = {
			isa = XCBuildConfiguration;
			buildSettings = {
				ALWAYS_SEARCH_USER_PATHS = NO;
				ARCHS = "$(ARCHS_STANDARD_32_64_BIT)";
				CLANG_CXX_LANGUAGE_STANDARD = "gnu++98";
				CLANG_CXX_LIBRARY = "libstdc++";
				CLANG_WARN_CONSTANT_CONVERSION = YES;
				CLANG_WARN_EMPTY_BODY = YES;
				CLANG_WARN_ENUM_CONVERSION = YES;
				CLANG_WARN_INT_CONVERSION = YES;
				CLANG_WARN__DUPLICATE_METHOD_MATCH = YES;
				COPY_PHASE_STRIP = YES;
				DEBUG_INFORMATION_FORMAT = "dwarf-with-dsym";
				GCC_C_LANGUAGE_STANDARD = gnu99;
				GCC_ENABLE_OBJC_EXCEPTIONS = YES;
				GCC_WARN_64_TO_32_BIT_CONVERSION = YES;
				GCC_WARN_ABOUT_RETURN_TYPE = YES;
				GCC_WARN_UNINITIALIZED_AUTOS = YES;
				GCC_WARN_UNUSED_VARIABLE = YES;
				HEADER_SEARCH_PATHS = "";
				LIBRARY_SEARCH_PATHS = (
					"$(inherited)",
					"\"../../ThirdParty/LibXML++/lib/OSX/$(CONFIGURATION)\"",
					"../../ThirdParty/GLFW/Lib/OSX/$(CONFIGURATION)",
				);
				MACOSX_DEPLOYMENT_TARGET = 10.8;
				OBJROOT = build;
				ONLY_ACTIVE_ARCH = NO;
				OTHER_LDFLAGS = "-lglfw3";
				PRODUCT_NAME = "$(TARGET_NAME)";
				SDKROOT = macosx;
				SYMROOT = Bin/OSX;
				VALID_ARCHS = "i386 X86_64";
			};
			name = Release;
		};
/* End XCBuildConfiguration section */

/* Begin XCConfigurationList section */
		8CA43827177E83F900E60641 /* Build configuration list for PBXProject "TestEERender" */ = {
			isa = XCConfigurationList;
			buildConfigurations = (
				8CA43828177E83F900E60641 /* Debug */,
				8CA43829177E83F900E60641 /* Release */,
			);
			defaultConfigurationIsVisible = 0;
			defaultConfigurationName = Release;
		};
		8CB5030C1780ED47006F3E6F /* Build configuration list for PBXNativeTarget "TestEERender" */ = {
			isa = XCConfigurationList;
			buildConfigurations = (
				8CB5030D1780ED47006F3E6F /* Debug */,
				8CB5030E1780ED47006F3E6F /* Release */,
			);
			defaultConfigurationIsVisible = 0;
			defaultConfigurationName = Release;
		};
/* End XCConfigurationList section */
	};
	rootObject = 8CA43824177E83F900E60641 /* Project object */;
}
